
Microsoft Visual Studio Solution File, Format Version 12.00
# Visual Studio Version 16
VisualStudioVersion = 16.0.29215.179
MinimumVisualStudioVersion = 10.0.40219.1
Project("{FAE04EC0-301F-11D3-BF4B-00C04F79EFBC}") = "Meadow.CSharp.Template", "Meadow.CSharp.Template\Meadow.CSharp.Template.csproj", "{2CA2AE75-18E0-4EF2-80A7-63E51446BBFE}"
EndProject
Project("{FAE04EC0-301F-11D3-BF4B-00C04F79EFBC}") = "Meadow.FSharp.Template", "Meadow.FSharp.Template\Meadow.FSharp.Template.csproj", "{D51C9F60-DF98-4DC6-BE6A-1EC2EC16381D}"
EndProject
Project("{FAE04EC0-301F-11D3-BF4B-00C04F79EFBC}") = "Meadow.VBNet.Template", "Meadow.VBNet.Template\Meadow.VBNet.Template.csproj", "{0A4773F5-B5EC-4928-AAE7-64253877CF4E}"
EndProject
Project("{223BA85D-276D-4253-8215-C4C58D77759B}") = "Meadow.CSharp.CoreCompute.Template", "Meadow.CSharp.CoreCompute.Template\Meadow.CSharp.CoreCompute.Template.csproj", "{C6173BB4-D339-48EC-BFAE-D39EF3099596}"
EndProject
Project("{223BA85D-276D-4253-8215-C4C58D77759B}") = "Meadow.FSharp.CoreCompute.Template", "Meadow.FSharp.CoreCompute.Template\Meadow.FSharp.CoreCompute.Template.csproj", "{CB325E0A-BCC0-457E-B893-F70995970B3F}"
EndProject
Project("{223BA85D-276D-4253-8215-C4C58D77759B}") = "Meadow.VBNet.CoreCompute.Template", "Meadow.VBNet.CoreCompute.Template\Meadow.VBNet.CoreCompute.Template.csproj", "{08199114-E58D-44CB-BF60-27BCE1838465}"
EndProject
Project("{FAE04EC0-301F-11D3-BF4B-00C04F79EFBC}") = "Meadow.CSharp.Library.Template", "Meadow.CSharp.Library.Template\Meadow.CSharp.Library.Template.csproj", "{D4B7449D-E200-4513-B32E-E6DB6BC4BC50}"
EndProject
Project("{FAE04EC0-301F-11D3-BF4B-00C04F79EFBC}") = "Meadow.FSharp.Library.Template", "Meadow.FSharp.Library.Template\Meadow.FSharp.Library.Template.csproj", "{CE404DDC-B2DF-4E4D-B0CF-BCA50AE34041}"
EndProject
Project("{FAE04EC0-301F-11D3-BF4B-00C04F79EFBC}") = "Meadow.VBNet.Library.Template", "Meadow.VBNet.Library.Template\Meadow.VBNet.Library.Template.csproj", "{48663609-C0AD-4B74-B2A2-C5117212212B}"
EndProject
Project("{9A19103F-16F7-4668-BE54-9A1E7A4F7556}") = "Meadow.CLI.Core.VS2019", "..\Meadow.CLI\Meadow.CLI.Core\Meadow.CLI.Core.VS2019.csproj", "{A48FC00C-9BA3-43E3-BA1D-55FD6128D425}"
EndProject
Project("{D954291E-2A0B-460D-934E-DC6B0785DB48}") = "MeadowLogger", "..\Meadow.CLI\MeadowLogger\MeadowLogger.shproj", "{A04F6A20-2B23-4B29-9905-1B79A39BBF25}"
EndProject
Project("{FAE04EC0-301F-11D3-BF4B-00C04F79EFBC}") = "VS_Meadow_Extension.2019", "VS_Meadow_Extension\VS_Meadow_Extension.2019\VS_Meadow_Extension.2019.csproj", "{0D8532C9-69AD-4EE2-80A9-0C4ECE47674E}"
EndProject
Project("{2150E333-8FDC-42A3-9474-1A3956D46DE8}") = "Templates", "Templates", "{F27FC7D7-ADB6-4538-BF59-CBFE72C5AA71}"
EndProject
Project("{2150E333-8FDC-42A3-9474-1A3956D46DE8}") = "Shared", "Shared", "{5EA98929-0FB5-4D33-8393-5E5A5AE8CEFA}"
EndProject
Project("{D954291E-2A0B-460D-934E-DC6B0785DB48}") = "VS_Win_Meadow_Extension.Shared", "VS_Meadow_Extension\VS_Meadow_Extension.Shared\VS_Win_Meadow_Extension.Shared.shproj", "{6BD8A462-77A3-442D-97C8-36CBDA794DC9}"
EndProject
Project("{9A19103F-16F7-4668-BE54-9A1E7A4F7556}") = "Meadow.Hcom", "..\Meadow.CLI\Meadow.Hcom\Meadow.Hcom.csproj", "{B479BF95-29F0-4A50-8B2D-7969CA5EDC9C}"
EndProject
Global
	GlobalSection(SharedMSBuildProjectFiles) = preSolution
		VS_Meadow_Extension\VS_Meadow_Extension.Shared\VS_Win_Meadow_Extension.Shared.projitems*{0d8532c9-69ad-4ee2-80a9-0c4ece47674e}*SharedItemsImports = 4
		VS_Meadow_Extension\VS_Meadow_Extension.Shared\VS_Win_Meadow_Extension.Shared.projitems*{6bd8a462-77a3-442d-97c8-36cbda794dc9}*SharedItemsImports = 13
		..\Meadow.CLI\MeadowLogger\MeadowLogger.projitems*{a04f6a20-2b23-4b29-9905-1b79a39bbf25}*SharedItemsImports = 13
		..\Meadow.CLI\MeadowLogger\MeadowLogger.projitems*{a48fc00c-9ba3-43e3-ba1d-55fd6128d425}*SharedItemsImports = 5
	EndGlobalSection
	GlobalSection(SolutionConfigurationPlatforms) = preSolution
		Debug|Any CPU = Debug|Any CPU
		Debug|x64 = Debug|x64
		Debug|x86 = Debug|x86
		Release|Any CPU = Release|Any CPU
		Release|x64 = Release|x64
		Release|x86 = Release|x86
	EndGlobalSection
	GlobalSection(ProjectConfigurationPlatforms) = postSolution
		{C6173BB4-D339-48EC-BFAE-D39EF3099596}.Debug|Any CPU.ActiveCfg = Debug|Any CPU
		{C6173BB4-D339-48EC-BFAE-D39EF3099596}.Debug|Any CPU.Build.0 = Debug|Any CPU
		{C6173BB4-D339-48EC-BFAE-D39EF3099596}.Debug|x64.ActiveCfg = Debug|Any CPU
		{C6173BB4-D339-48EC-BFAE-D39EF3099596}.Debug|x64.Build.0 = Debug|Any CPU
		{C6173BB4-D339-48EC-BFAE-D39EF3099596}.Debug|x86.ActiveCfg = Debug|Any CPU
		{C6173BB4-D339-48EC-BFAE-D39EF3099596}.Debug|x86.Build.0 = Debug|Any CPU
		{C6173BB4-D339-48EC-BFAE-D39EF3099596}.Release|Any CPU.ActiveCfg = Release|Any CPU
		{C6173BB4-D339-48EC-BFAE-D39EF3099596}.Release|Any CPU.Build.0 = Release|Any CPU
		{C6173BB4-D339-48EC-BFAE-D39EF3099596}.Release|x64.ActiveCfg = Release|Any CPU
		{C6173BB4-D339-48EC-BFAE-D39EF3099596}.Release|x64.Build.0 = Release|Any CPU
		{C6173BB4-D339-48EC-BFAE-D39EF3099596}.Release|x86.ActiveCfg = Release|Any CPU
		{C6173BB4-D339-48EC-BFAE-D39EF3099596}.Release|x86.Build.0 = Release|Any CPU
		{CB325E0A-BCC0-457E-B893-F70995970B3F}.Debug|Any CPU.ActiveCfg = Debug|Any CPU
		{CB325E0A-BCC0-457E-B893-F70995970B3F}.Debug|Any CPU.Build.0 = Debug|Any CPU
		{CB325E0A-BCC0-457E-B893-F70995970B3F}.Debug|x64.ActiveCfg = Debug|Any CPU
		{CB325E0A-BCC0-457E-B893-F70995970B3F}.Debug|x64.Build.0 = Debug|Any CPU
		{CB325E0A-BCC0-457E-B893-F70995970B3F}.Debug|x86.ActiveCfg = Debug|Any CPU
		{CB325E0A-BCC0-457E-B893-F70995970B3F}.Debug|x86.Build.0 = Debug|Any CPU
		{CB325E0A-BCC0-457E-B893-F70995970B3F}.Release|Any CPU.ActiveCfg = Release|Any CPU
		{CB325E0A-BCC0-457E-B893-F70995970B3F}.Release|Any CPU.Build.0 = Release|Any CPU
		{CB325E0A-BCC0-457E-B893-F70995970B3F}.Release|x64.ActiveCfg = Release|Any CPU
		{CB325E0A-BCC0-457E-B893-F70995970B3F}.Release|x64.Build.0 = Release|Any CPU
		{CB325E0A-BCC0-457E-B893-F70995970B3F}.Release|x86.ActiveCfg = Release|Any CPU
		{CB325E0A-BCC0-457E-B893-F70995970B3F}.Release|x86.Build.0 = Release|Any CPU
		{08199114-E58D-44CB-BF60-27BCE1838465}.Debug|Any CPU.ActiveCfg = Debug|Any CPU
		{08199114-E58D-44CB-BF60-27BCE1838465}.Debug|Any CPU.Build.0 = Debug|Any CPU
		{08199114-E58D-44CB-BF60-27BCE1838465}.Debug|x64.ActiveCfg = Debug|Any CPU
		{08199114-E58D-44CB-BF60-27BCE1838465}.Debug|x64.Build.0 = Debug|Any CPU
		{08199114-E58D-44CB-BF60-27BCE1838465}.Debug|x86.ActiveCfg = Debug|Any CPU
		{08199114-E58D-44CB-BF60-27BCE1838465}.Debug|x86.Build.0 = Debug|Any CPU
		{08199114-E58D-44CB-BF60-27BCE1838465}.Release|Any CPU.ActiveCfg = Release|Any CPU
		{08199114-E58D-44CB-BF60-27BCE1838465}.Release|Any CPU.Build.0 = Release|Any CPU
		{08199114-E58D-44CB-BF60-27BCE1838465}.Release|x64.ActiveCfg = Release|Any CPU
		{08199114-E58D-44CB-BF60-27BCE1838465}.Release|x64.Build.0 = Release|Any CPU
		{08199114-E58D-44CB-BF60-27BCE1838465}.Release|x86.ActiveCfg = Release|Any CPU
		{08199114-E58D-44CB-BF60-27BCE1838465}.Release|x86.Build.0 = Release|Any CPU
		{2CA2AE75-18E0-4EF2-80A7-63E51446BBFE}.Debug|Any CPU.ActiveCfg = Debug|Any CPU
		{2CA2AE75-18E0-4EF2-80A7-63E51446BBFE}.Debug|Any CPU.Build.0 = Debug|Any CPU
		{2CA2AE75-18E0-4EF2-80A7-63E51446BBFE}.Debug|x64.ActiveCfg = Debug|Any CPU
		{2CA2AE75-18E0-4EF2-80A7-63E51446BBFE}.Debug|x64.Build.0 = Debug|Any CPU
		{2CA2AE75-18E0-4EF2-80A7-63E51446BBFE}.Debug|x86.ActiveCfg = Debug|Any CPU
		{2CA2AE75-18E0-4EF2-80A7-63E51446BBFE}.Debug|x86.Build.0 = Debug|Any CPU
		{2CA2AE75-18E0-4EF2-80A7-63E51446BBFE}.Release|Any CPU.ActiveCfg = Release|Any CPU
		{2CA2AE75-18E0-4EF2-80A7-63E51446BBFE}.Release|Any CPU.Build.0 = Release|Any CPU
		{2CA2AE75-18E0-4EF2-80A7-63E51446BBFE}.Release|x64.ActiveCfg = Release|Any CPU
		{2CA2AE75-18E0-4EF2-80A7-63E51446BBFE}.Release|x64.Build.0 = Release|Any CPU
		{2CA2AE75-18E0-4EF2-80A7-63E51446BBFE}.Release|x86.ActiveCfg = Release|Any CPU
		{2CA2AE75-18E0-4EF2-80A7-63E51446BBFE}.Release|x86.Build.0 = Release|Any CPU
		{D51C9F60-DF98-4DC6-BE6A-1EC2EC16381D}.Debug|Any CPU.ActiveCfg = Debug|Any CPU
		{D51C9F60-DF98-4DC6-BE6A-1EC2EC16381D}.Debug|Any CPU.Build.0 = Debug|Any CPU
		{D51C9F60-DF98-4DC6-BE6A-1EC2EC16381D}.Debug|x64.ActiveCfg = Debug|Any CPU
		{D51C9F60-DF98-4DC6-BE6A-1EC2EC16381D}.Debug|x64.Build.0 = Debug|Any CPU
		{D51C9F60-DF98-4DC6-BE6A-1EC2EC16381D}.Debug|x86.ActiveCfg = Debug|Any CPU
		{D51C9F60-DF98-4DC6-BE6A-1EC2EC16381D}.Debug|x86.Build.0 = Debug|Any CPU
		{D51C9F60-DF98-4DC6-BE6A-1EC2EC16381D}.Release|Any CPU.ActiveCfg = Release|Any CPU
		{D51C9F60-DF98-4DC6-BE6A-1EC2EC16381D}.Release|Any CPU.Build.0 = Release|Any CPU
		{D51C9F60-DF98-4DC6-BE6A-1EC2EC16381D}.Release|x64.ActiveCfg = Release|Any CPU
		{D51C9F60-DF98-4DC6-BE6A-1EC2EC16381D}.Release|x64.Build.0 = Release|Any CPU
		{D51C9F60-DF98-4DC6-BE6A-1EC2EC16381D}.Release|x86.ActiveCfg = Release|Any CPU
		{D51C9F60-DF98-4DC6-BE6A-1EC2EC16381D}.Release|x86.Build.0 = Release|Any CPU
		{D4B7449D-E200-4513-B32E-E6DB6BC4BC50}.Debug|Any CPU.ActiveCfg = Debug|Any CPU
		{D4B7449D-E200-4513-B32E-E6DB6BC4BC50}.Debug|Any CPU.Build.0 = Debug|Any CPU
		{D4B7449D-E200-4513-B32E-E6DB6BC4BC50}.Debug|x64.ActiveCfg = Debug|Any CPU
		{D4B7449D-E200-4513-B32E-E6DB6BC4BC50}.Debug|x64.Build.0 = Debug|Any CPU
		{D4B7449D-E200-4513-B32E-E6DB6BC4BC50}.Debug|x86.ActiveCfg = Debug|x86
		{D4B7449D-E200-4513-B32E-E6DB6BC4BC50}.Debug|x86.Build.0 = Debug|x86
		{D4B7449D-E200-4513-B32E-E6DB6BC4BC50}.Release|Any CPU.ActiveCfg = Release|Any CPU
		{D4B7449D-E200-4513-B32E-E6DB6BC4BC50}.Release|Any CPU.Build.0 = Release|Any CPU
		{D4B7449D-E200-4513-B32E-E6DB6BC4BC50}.Release|x64.ActiveCfg = Release|Any CPU
		{D4B7449D-E200-4513-B32E-E6DB6BC4BC50}.Release|x64.Build.0 = Release|Any CPU
		{D4B7449D-E200-4513-B32E-E6DB6BC4BC50}.Release|x86.ActiveCfg = Release|x86
		{D4B7449D-E200-4513-B32E-E6DB6BC4BC50}.Release|x86.Build.0 = Release|x86
		{CE404DDC-B2DF-4E4D-B0CF-BCA50AE34041}.Debug|Any CPU.ActiveCfg = Debug|Any CPU
		{CE404DDC-B2DF-4E4D-B0CF-BCA50AE34041}.Debug|Any CPU.Build.0 = Debug|Any CPU
		{CE404DDC-B2DF-4E4D-B0CF-BCA50AE34041}.Debug|x64.ActiveCfg = Debug|Any CPU
		{CE404DDC-B2DF-4E4D-B0CF-BCA50AE34041}.Debug|x64.Build.0 = Debug|Any CPU
		{CE404DDC-B2DF-4E4D-B0CF-BCA50AE34041}.Debug|x86.ActiveCfg = Debug|Any CPU
		{CE404DDC-B2DF-4E4D-B0CF-BCA50AE34041}.Debug|x86.Build.0 = Debug|Any CPU
		{CE404DDC-B2DF-4E4D-B0CF-BCA50AE34041}.Release|Any CPU.ActiveCfg = Release|Any CPU
		{CE404DDC-B2DF-4E4D-B0CF-BCA50AE34041}.Release|Any CPU.Build.0 = Release|Any CPU
		{CE404DDC-B2DF-4E4D-B0CF-BCA50AE34041}.Release|x64.ActiveCfg = Release|Any CPU
		{CE404DDC-B2DF-4E4D-B0CF-BCA50AE34041}.Release|x64.Build.0 = Release|Any CPU
		{CE404DDC-B2DF-4E4D-B0CF-BCA50AE34041}.Release|x86.ActiveCfg = Release|Any CPU
		{CE404DDC-B2DF-4E4D-B0CF-BCA50AE34041}.Release|x86.Build.0 = Release|Any CPU
		{48663609-C0AD-4B74-B2A2-C5117212212B}.Debug|Any CPU.ActiveCfg = Debug|Any CPU
		{48663609-C0AD-4B74-B2A2-C5117212212B}.Debug|Any CPU.Build.0 = Debug|Any CPU
		{48663609-C0AD-4B74-B2A2-C5117212212B}.Debug|x64.ActiveCfg = Debug|Any CPU
		{48663609-C0AD-4B74-B2A2-C5117212212B}.Debug|x64.Build.0 = Debug|Any CPU
		{48663609-C0AD-4B74-B2A2-C5117212212B}.Debug|x86.ActiveCfg = Debug|Any CPU
		{48663609-C0AD-4B74-B2A2-C5117212212B}.Debug|x86.Build.0 = Debug|Any CPU
		{48663609-C0AD-4B74-B2A2-C5117212212B}.Release|Any CPU.ActiveCfg = Release|Any CPU
		{48663609-C0AD-4B74-B2A2-C5117212212B}.Release|Any CPU.Build.0 = Release|Any CPU
		{48663609-C0AD-4B74-B2A2-C5117212212B}.Release|x64.ActiveCfg = Release|Any CPU
		{48663609-C0AD-4B74-B2A2-C5117212212B}.Release|x64.Build.0 = Release|Any CPU
		{48663609-C0AD-4B74-B2A2-C5117212212B}.Release|x86.ActiveCfg = Release|Any CPU
		{48663609-C0AD-4B74-B2A2-C5117212212B}.Release|x86.Build.0 = Release|Any CPU
		{0A4773F5-B5EC-4928-AAE7-64253877CF4E}.Debug|Any CPU.ActiveCfg = Debug|Any CPU
		{0A4773F5-B5EC-4928-AAE7-64253877CF4E}.Debug|Any CPU.Build.0 = Debug|Any CPU
		{0A4773F5-B5EC-4928-AAE7-64253877CF4E}.Debug|x64.ActiveCfg = Debug|Any CPU
		{0A4773F5-B5EC-4928-AAE7-64253877CF4E}.Debug|x64.Build.0 = Debug|Any CPU
		{0A4773F5-B5EC-4928-AAE7-64253877CF4E}.Debug|x86.ActiveCfg = Debug|Any CPU
		{0A4773F5-B5EC-4928-AAE7-64253877CF4E}.Debug|x86.Build.0 = Debug|Any CPU
		{0A4773F5-B5EC-4928-AAE7-64253877CF4E}.Release|Any CPU.ActiveCfg = Release|Any CPU
		{0A4773F5-B5EC-4928-AAE7-64253877CF4E}.Release|Any CPU.Build.0 = Release|Any CPU
		{0A4773F5-B5EC-4928-AAE7-64253877CF4E}.Release|x64.ActiveCfg = Release|Any CPU
		{0A4773F5-B5EC-4928-AAE7-64253877CF4E}.Release|x64.Build.0 = Release|Any CPU
		{0A4773F5-B5EC-4928-AAE7-64253877CF4E}.Release|x86.ActiveCfg = Release|Any CPU
		{0A4773F5-B5EC-4928-AAE7-64253877CF4E}.Release|x86.Build.0 = Release|Any CPU
		{A48FC00C-9BA3-43E3-BA1D-55FD6128D425}.Debug|Any CPU.ActiveCfg = Debug|Any CPU
		{A48FC00C-9BA3-43E3-BA1D-55FD6128D425}.Debug|Any CPU.Build.0 = Debug|Any CPU
		{A48FC00C-9BA3-43E3-BA1D-55FD6128D425}.Debug|x64.ActiveCfg = Debug|x64
		{A48FC00C-9BA3-43E3-BA1D-55FD6128D425}.Debug|x64.Build.0 = Debug|x64
		{A48FC00C-9BA3-43E3-BA1D-55FD6128D425}.Debug|x86.ActiveCfg = Debug|x86
		{A48FC00C-9BA3-43E3-BA1D-55FD6128D425}.Debug|x86.Build.0 = Debug|x86
		{A48FC00C-9BA3-43E3-BA1D-55FD6128D425}.Release|Any CPU.ActiveCfg = Release|Any CPU
		{A48FC00C-9BA3-43E3-BA1D-55FD6128D425}.Release|Any CPU.Build.0 = Release|Any CPU
		{A48FC00C-9BA3-43E3-BA1D-55FD6128D425}.Release|x64.ActiveCfg = Release|x64
		{A48FC00C-9BA3-43E3-BA1D-55FD6128D425}.Release|x64.Build.0 = Release|x64
		{A48FC00C-9BA3-43E3-BA1D-55FD6128D425}.Release|x86.ActiveCfg = Release|x86
		{A48FC00C-9BA3-43E3-BA1D-55FD6128D425}.Release|x86.Build.0 = Release|x86
		{0D8532C9-69AD-4EE2-80A9-0C4ECE47674E}.Debug|Any CPU.ActiveCfg = Debug|Any CPU
		{0D8532C9-69AD-4EE2-80A9-0C4ECE47674E}.Debug|Any CPU.Build.0 = Debug|Any CPU
		{0D8532C9-69AD-4EE2-80A9-0C4ECE47674E}.Debug|x64.ActiveCfg = Debug|Any CPU
		{0D8532C9-69AD-4EE2-80A9-0C4ECE47674E}.Debug|x64.Build.0 = Debug|Any CPU
		{0D8532C9-69AD-4EE2-80A9-0C4ECE47674E}.Debug|x86.ActiveCfg = Debug|Any CPU
		{0D8532C9-69AD-4EE2-80A9-0C4ECE47674E}.Debug|x86.Build.0 = Debug|Any CPU
		{0D8532C9-69AD-4EE2-80A9-0C4ECE47674E}.Release|Any CPU.ActiveCfg = Release|Any CPU
		{0D8532C9-69AD-4EE2-80A9-0C4ECE47674E}.Release|Any CPU.Build.0 = Release|Any CPU
		{0D8532C9-69AD-4EE2-80A9-0C4ECE47674E}.Release|x64.ActiveCfg = Release|Any CPU
		{0D8532C9-69AD-4EE2-80A9-0C4ECE47674E}.Release|x64.Build.0 = Release|Any CPU
		{0D8532C9-69AD-4EE2-80A9-0C4ECE47674E}.Release|x86.ActiveCfg = Release|Any CPU
		{0D8532C9-69AD-4EE2-80A9-0C4ECE47674E}.Release|x86.Build.0 = Release|Any CPU
		{B479BF95-29F0-4A50-8B2D-7969CA5EDC9C}.Debug|Any CPU.ActiveCfg = Debug|Any CPU
		{B479BF95-29F0-4A50-8B2D-7969CA5EDC9C}.Debug|Any CPU.Build.0 = Debug|Any CPU
		{B479BF95-29F0-4A50-8B2D-7969CA5EDC9C}.Debug|x64.ActiveCfg = Debug|Any CPU
		{B479BF95-29F0-4A50-8B2D-7969CA5EDC9C}.Debug|x64.Build.0 = Debug|Any CPU
		{B479BF95-29F0-4A50-8B2D-7969CA5EDC9C}.Debug|x86.ActiveCfg = Debug|Any CPU
		{B479BF95-29F0-4A50-8B2D-7969CA5EDC9C}.Debug|x86.Build.0 = Debug|Any CPU
		{B479BF95-29F0-4A50-8B2D-7969CA5EDC9C}.Release|Any CPU.ActiveCfg = Release|Any CPU
		{B479BF95-29F0-4A50-8B2D-7969CA5EDC9C}.Release|Any CPU.Build.0 = Release|Any CPU
		{B479BF95-29F0-4A50-8B2D-7969CA5EDC9C}.Release|x64.ActiveCfg = Release|Any CPU
		{B479BF95-29F0-4A50-8B2D-7969CA5EDC9C}.Release|x64.Build.0 = Release|Any CPU
		{B479BF95-29F0-4A50-8B2D-7969CA5EDC9C}.Release|x86.ActiveCfg = Release|Any CPU
		{B479BF95-29F0-4A50-8B2D-7969CA5EDC9C}.Release|x86.Build.0 = Release|Any CPU
	EndGlobalSection
	GlobalSection(SolutionProperties) = preSolution
		HideSolutionNode = FALSE
	EndGlobalSection
	GlobalSection(NestedProjects) = preSolution
		{C6173BB4-D339-48EC-BFAE-D39EF3099596} = {470F54A7-8B71-4ECF-94A2-CE167E75963E}
		{CB325E0A-BCC0-457E-B893-F70995970B3F} = {470F54A7-8B71-4ECF-94A2-CE167E75963E}
		{08199114-E58D-44CB-BF60-27BCE1838465} = {470F54A7-8B71-4ECF-94A2-CE167E75963E}
		{2CA2AE75-18E0-4EF2-80A7-63E51446BBFE} = {F27FC7D7-ADB6-4538-BF59-CBFE72C5AA71}
		{D51C9F60-DF98-4DC6-BE6A-1EC2EC16381D} = {F27FC7D7-ADB6-4538-BF59-CBFE72C5AA71}
		{D4B7449D-E200-4513-B32E-E6DB6BC4BC50} = {F27FC7D7-ADB6-4538-BF59-CBFE72C5AA71}
		{CE404DDC-B2DF-4E4D-B0CF-BCA50AE34041} = {F27FC7D7-ADB6-4538-BF59-CBFE72C5AA71}
		{48663609-C0AD-4B74-B2A2-C5117212212B} = {F27FC7D7-ADB6-4538-BF59-CBFE72C5AA71}
		{0A4773F5-B5EC-4928-AAE7-64253877CF4E} = {F27FC7D7-ADB6-4538-BF59-CBFE72C5AA71}
		{A48FC00C-9BA3-43E3-BA1D-55FD6128D425} = {5EA98929-0FB5-4D33-8393-5E5A5AE8CEFA}
		{A04F6A20-2B23-4B29-9905-1B79A39BBF25} = {5EA98929-0FB5-4D33-8393-5E5A5AE8CEFA}
		{6BD8A462-77A3-442D-97C8-36CBDA794DC9} = {5EA98929-0FB5-4D33-8393-5E5A5AE8CEFA}
		{B479BF95-29F0-4A50-8B2D-7969CA5EDC9C} = {5EA98929-0FB5-4D33-8393-5E5A5AE8CEFA}
	EndGlobalSection
	GlobalSection(ExtensibilityGlobals) = postSolution
		SolutionGuid = {52B44033-1294-4876-A2EC-2B745E38EE37}
	EndGlobalSection
EndGlobal
